
Microsoft Visual Studio Solution File, Format Version 12.00
# Visual Studio 2012
Project("{FAE04EC0-301F-11D3-BF4B-00C04F79EFBC}") = "BuildGui", "buildgui\BuildGui.csproj", "{5EB1F25E-16C9-4E3C-82AE-4080C37E6F21}"
	ProjectSection(ProjectDependencies) = postProject
		{DEB2291E-C105-4957-BDF4-903EC3586B7C} = {DEB2291E-C105-4957-BDF4-903EC3586B7C}
		{C41F8A27-2018-43DD-9669-64E6FBA87CFA} = {C41F8A27-2018-43DD-9669-64E6FBA87CFA}
		{ABBB8E45-B1BE-4997-873E-4CC620B162F2} = {ABBB8E45-B1BE-4997-873E-4CC620B162F2}
		{EEF2DA5F-E4C4-468F-81EC-5A2D9DB34FB9} = {EEF2DA5F-E4C4-468F-81EC-5A2D9DB34FB9}
		{BD165665-5DAF-441B-97AB-F16EDB72689D} = {BD165665-5DAF-441B-97AB-F16EDB72689D}
		{B9130087-BA9D-491F-B724-7EBA454534E4} = {B9130087-BA9D-491F-B724-7EBA454534E4}
		{4E17FEE5-B002-41CA-8675-38D8AA3BA5F6} = {4E17FEE5-B002-41CA-8675-38D8AA3BA5F6}
		{58A666EC-5E76-414A-BE73-D2572C14290B} = {58A666EC-5E76-414A-BE73-D2572C14290B}
		{8DA6BDEE-6B0C-4C14-BC6E-D860839B251F} = {8DA6BDEE-6B0C-4C14-BC6E-D860839B251F}
	EndProjectSection
EndProject
Project("{FAE04EC0-301F-11D3-BF4B-00C04F79EFBC}") = "Proteus", "proteus\Proteus.csproj", "{8DA6BDEE-6B0C-4C14-BC6E-D860839B251F}"
EndProject
Project("{FAE04EC0-301F-11D3-BF4B-00C04F79EFBC}") = "Romulus", "romulus\Romulus.csproj", "{B9130087-BA9D-491F-B724-7EBA454534E4}"
	ProjectSection(ProjectDependencies) = postProject
		{ABBB8E45-B1BE-4997-873E-4CC620B162F2} = {ABBB8E45-B1BE-4997-873E-4CC620B162F2}
		{8DA6BDEE-6B0C-4C14-BC6E-D860839B251F} = {8DA6BDEE-6B0C-4C14-BC6E-D860839B251F}
	EndProjectSection
EndProject
Project("{FAE04EC0-301F-11D3-BF4B-00C04F79EFBC}") = "AgentCmd", "spartan\AgentCmd.csproj", "{4E17FEE5-B002-41CA-8675-38D8AA3BA5F6}"
	ProjectSection(ProjectDependencies) = postProject
		{ABBB8E45-B1BE-4997-873E-4CC620B162F2} = {ABBB8E45-B1BE-4997-873E-4CC620B162F2}
		{8DA6BDEE-6B0C-4C14-BC6E-D860839B251F} = {8DA6BDEE-6B0C-4C14-BC6E-D860839B251F}
	EndProjectSection
EndProject
Project("{FAE04EC0-301F-11D3-BF4B-00C04F79EFBC}") = "CoordinatorCmd", "spartan\CoordinatorCmd.csproj", "{C41F8A27-2018-43DD-9669-64E6FBA87CFA}"
	ProjectSection(ProjectDependencies) = postProject
		{ABBB8E45-B1BE-4997-873E-4CC620B162F2} = {ABBB8E45-B1BE-4997-873E-4CC620B162F2}
		{B9130087-BA9D-491F-B724-7EBA454534E4} = {B9130087-BA9D-491F-B724-7EBA454534E4}
		{8DA6BDEE-6B0C-4C14-BC6E-D860839B251F} = {8DA6BDEE-6B0C-4C14-BC6E-D860839B251F}
	EndProjectSection
EndProject
Project("{2150E333-8FDC-42A3-9474-1A3956D46DE8}") = "bin", "bin", "{4AE8E697-8877-47C2-A3CD-F5EAA6CBBF85}"
EndProject
Project("{2150E333-8FDC-42A3-9474-1A3956D46DE8}") = "lib", "lib", "{08523BBB-AE30-4FBB-A9DB-E8AAC478797C}"
EndProject
Project("{FAE04EC0-301F-11D3-BF4B-00C04F79EFBC}") = "Spartan", "spartan_dll\Spartan.csproj", "{ABBB8E45-B1BE-4997-873E-4CC620B162F2}"
	ProjectSection(ProjectDependencies) = postProject
		{8DA6BDEE-6B0C-4C14-BC6E-D860839B251F} = {8DA6BDEE-6B0C-4C14-BC6E-D860839B251F}
	EndProjectSection
EndProject
Project("{FAE04EC0-301F-11D3-BF4B-00C04F79EFBC}") = "AgentService", "agent_service\AgentService.csproj", "{58A666EC-5E76-414A-BE73-D2572C14290B}"
	ProjectSection(ProjectDependencies) = postProject
		{ABBB8E45-B1BE-4997-873E-4CC620B162F2} = {ABBB8E45-B1BE-4997-873E-4CC620B162F2}
		{8DA6BDEE-6B0C-4C14-BC6E-D860839B251F} = {8DA6BDEE-6B0C-4C14-BC6E-D860839B251F}
	EndProjectSection
EndProject
Project("{FAE04EC0-301F-11D3-BF4B-00C04F79EFBC}") = "TrexService", "trex\TrexService.csproj", "{BD165665-5DAF-441B-97AB-F16EDB72689D}"
	ProjectSection(ProjectDependencies) = postProject
		{EEF2DA5F-E4C4-468F-81EC-5A2D9DB34FB9} = {EEF2DA5F-E4C4-468F-81EC-5A2D9DB34FB9}
		{8DA6BDEE-6B0C-4C14-BC6E-D860839B251F} = {8DA6BDEE-6B0C-4C14-BC6E-D860839B251F}
	EndProjectSection
EndProject
Project("{FAE04EC0-301F-11D3-BF4B-00C04F79EFBC}") = "TrexTestGui", "TrexTestCmd\TrexTestGui.csproj", "{DEB2291E-C105-4957-BDF4-903EC3586B7C}"
	ProjectSection(ProjectDependencies) = postProject
		{ABBB8E45-B1BE-4997-873E-4CC620B162F2} = {ABBB8E45-B1BE-4997-873E-4CC620B162F2}
		{EEF2DA5F-E4C4-468F-81EC-5A2D9DB34FB9} = {EEF2DA5F-E4C4-468F-81EC-5A2D9DB34FB9}
		{8DA6BDEE-6B0C-4C14-BC6E-D860839B251F} = {8DA6BDEE-6B0C-4C14-BC6E-D860839B251F}
	EndProjectSection
EndProject
Project("{FAE04EC0-301F-11D3-BF4B-00C04F79EFBC}") = "TrexServerCmd", "TrexServerCmd\TrexServerCmd.csproj", "{EEF2DA5F-E4C4-468F-81EC-5A2D9DB34FB9}"
	ProjectSection(ProjectDependencies) = postProject
		{ABBB8E45-B1BE-4997-873E-4CC620B162F2} = {ABBB8E45-B1BE-4997-873E-4CC620B162F2}
		{8DA6BDEE-6B0C-4C14-BC6E-D860839B251F} = {8DA6BDEE-6B0C-4C14-BC6E-D860839B251F}
	EndProjectSection
EndProject
Global
	GlobalSection(SolutionConfigurationPlatforms) = preSolution
		Debug|Any CPU = Debug|Any CPU
		Debug|Mixed Platforms = Debug|Mixed Platforms
		Debug|x86 = Debug|x86
		Release|Any CPU = Release|Any CPU
		Release|Mixed Platforms = Release|Mixed Platforms
		Release|x86 = Release|x86
	EndGlobalSection
	GlobalSection(ProjectConfigurationPlatforms) = postSolution
		{5EB1F25E-16C9-4E3C-82AE-4080C37E6F21}.Debug|Any CPU.ActiveCfg = Debug|Any CPU
		{5EB1F25E-16C9-4E3C-82AE-4080C37E6F21}.Debug|Any CPU.Build.0 = Debug|Any CPU
		{5EB1F25E-16C9-4E3C-82AE-4080C37E6F21}.Debug|Mixed Platforms.ActiveCfg = Debug|Any CPU
		{5EB1F25E-16C9-4E3C-82AE-4080C37E6F21}.Debug|Mixed Platforms.Build.0 = Debug|Any CPU
		{5EB1F25E-16C9-4E3C-82AE-4080C37E6F21}.Debug|x86.ActiveCfg = Debug|Any CPU
		{5EB1F25E-16C9-4E3C-82AE-4080C37E6F21}.Release|Any CPU.ActiveCfg = Release|Any CPU
		{5EB1F25E-16C9-4E3C-82AE-4080C37E6F21}.Release|Any CPU.Build.0 = Release|Any CPU
		{5EB1F25E-16C9-4E3C-82AE-4080C37E6F21}.Release|Mixed Platforms.ActiveCfg = Release|Any CPU
		{5EB1F25E-16C9-4E3C-82AE-4080C37E6F21}.Release|Mixed Platforms.Build.0 = Release|Any CPU
		{5EB1F25E-16C9-4E3C-82AE-4080C37E6F21}.Release|x86.ActiveCfg = Release|Any CPU
		{8DA6BDEE-6B0C-4C14-BC6E-D860839B251F}.Debug|Any CPU.ActiveCfg = Debug|Any CPU
		{8DA6BDEE-6B0C-4C14-BC6E-D860839B251F}.Debug|Any CPU.Build.0 = Debug|Any CPU
		{8DA6BDEE-6B0C-4C14-BC6E-D860839B251F}.Debug|Mixed Platforms.ActiveCfg = Debug|Any CPU
		{8DA6BDEE-6B0C-4C14-BC6E-D860839B251F}.Debug|Mixed Platforms.Build.0 = Debug|Any CPU
		{8DA6BDEE-6B0C-4C14-BC6E-D860839B251F}.Debug|x86.ActiveCfg = Debug|Any CPU
		{8DA6BDEE-6B0C-4C14-BC6E-D860839B251F}.Release|Any CPU.ActiveCfg = Release|Any CPU
		{8DA6BDEE-6B0C-4C14-BC6E-D860839B251F}.Release|Any CPU.Build.0 = Release|Any CPU
		{8DA6BDEE-6B0C-4C14-BC6E-D860839B251F}.Release|Mixed Platforms.ActiveCfg = Release|Any CPU
		{8DA6BDEE-6B0C-4C14-BC6E-D860839B251F}.Release|Mixed Platforms.Build.0 = Release|Any CPU
		{8DA6BDEE-6B0C-4C14-BC6E-D860839B251F}.Release|x86.ActiveCfg = Release|Any CPU
		{B9130087-BA9D-491F-B724-7EBA454534E4}.Debug|Any CPU.ActiveCfg = Debug|Any CPU
		{B9130087-BA9D-491F-B724-7EBA454534E4}.Debug|Any CPU.Build.0 = Debug|Any CPU
		{B9130087-BA9D-491F-B724-7EBA454534E4}.Debug|Mixed Platforms.ActiveCfg = Debug|Any CPU
		{B9130087-BA9D-491F-B724-7EBA454534E4}.Debug|Mixed Platforms.Build.0 = Debug|Any CPU
		{B9130087-BA9D-491F-B724-7EBA454534E4}.Debug|x86.ActiveCfg = Debug|Any CPU
		{B9130087-BA9D-491F-B724-7EBA454534E4}.Release|Any CPU.ActiveCfg = Release|Any CPU
		{B9130087-BA9D-491F-B724-7EBA454534E4}.Release|Any CPU.Build.0 = Release|Any CPU
		{B9130087-BA9D-491F-B724-7EBA454534E4}.Release|Mixed Platforms.ActiveCfg = Release|Any CPU
		{B9130087-BA9D-491F-B724-7EBA454534E4}.Release|Mixed Platforms.Build.0 = Release|Any CPU
		{B9130087-BA9D-491F-B724-7EBA454534E4}.Release|x86.ActiveCfg = Release|Any CPU
		{4E17FEE5-B002-41CA-8675-38D8AA3BA5F6}.Debug|Any CPU.ActiveCfg = Debug|Any CPU
		{4E17FEE5-B002-41CA-8675-38D8AA3BA5F6}.Debug|Any CPU.Build.0 = Debug|Any CPU
		{4E17FEE5-B002-41CA-8675-38D8AA3BA5F6}.Debug|Mixed Platforms.ActiveCfg = Debug|Any CPU
		{4E17FEE5-B002-41CA-8675-38D8AA3BA5F6}.Debug|Mixed Platforms.Build.0 = Debug|Any CPU
		{4E17FEE5-B002-41CA-8675-38D8AA3BA5F6}.Debug|x86.ActiveCfg = Debug|Any CPU
		{4E17FEE5-B002-41CA-8675-38D8AA3BA5F6}.Release|Any CPU.ActiveCfg = Release|Any CPU
		{4E17FEE5-B002-41CA-8675-38D8AA3BA5F6}.Release|Any CPU.Build.0 = Release|Any CPU
		{4E17FEE5-B002-41CA-8675-38D8AA3BA5F6}.Release|Mixed Platforms.ActiveCfg = Release|Any CPU
		{4E17FEE5-B002-41CA-8675-38D8AA3BA5F6}.Release|Mixed Platforms.Build.0 = Release|Any CPU
		{4E17FEE5-B002-41CA-8675-38D8AA3BA5F6}.Release|x86.ActiveCfg = Release|Any CPU
		{C41F8A27-2018-43DD-9669-64E6FBA87CFA}.Debug|Any CPU.ActiveCfg = Debug|Any CPU
		{C41F8A27-2018-43DD-9669-64E6FBA87CFA}.Debug|Any CPU.Build.0 = Debug|Any CPU
		{C41F8A27-2018-43DD-9669-64E6FBA87CFA}.Debug|Mixed Platforms.ActiveCfg = Debug|Any CPU
		{C41F8A27-2018-43DD-9669-64E6FBA87CFA}.Debug|Mixed Platforms.Build.0 = Debug|Any CPU
		{C41F8A27-2018-43DD-9669-64E6FBA87CFA}.Debug|x86.ActiveCfg = Debug|Any CPU
		{C41F8A27-2018-43DD-9669-64E6FBA87CFA}.Release|Any CPU.ActiveCfg = Release|Any CPU
		{C41F8A27-2018-43DD-9669-64E6FBA87CFA}.Release|Any CPU.Build.0 = Release|Any CPU
		{C41F8A27-2018-43DD-9669-64E6FBA87CFA}.Release|Mixed Platforms.ActiveCfg = Release|Any CPU
		{C41F8A27-2018-43DD-9669-64E6FBA87CFA}.Release|Mixed Platforms.Build.0 = Release|Any CPU
		{C41F8A27-2018-43DD-9669-64E6FBA87CFA}.Release|x86.ActiveCfg = Release|Any CPU
		{ABBB8E45-B1BE-4997-873E-4CC620B162F2}.Debug|Any CPU.ActiveCfg = Debug|Any CPU
		{ABBB8E45-B1BE-4997-873E-4CC620B162F2}.Debug|Any CPU.Build.0 = Debug|Any CPU
		{ABBB8E45-B1BE-4997-873E-4CC620B162F2}.Debug|Mixed Platforms.ActiveCfg = Debug|Any CPU
		{ABBB8E45-B1BE-4997-873E-4CC620B162F2}.Debug|Mixed Platforms.Build.0 = Debug|Any CPU
		{ABBB8E45-B1BE-4997-873E-4CC620B162F2}.Debug|x86.ActiveCfg = Debug|Any CPU
		{ABBB8E45-B1BE-4997-873E-4CC620B162F2}.Release|Any CPU.ActiveCfg = Release|Any CPU
		{ABBB8E45-B1BE-4997-873E-4CC620B162F2}.Release|Any CPU.Build.0 = Release|Any CPU
		{ABBB8E45-B1BE-4997-873E-4CC620B162F2}.Release|Mixed Platforms.ActiveCfg = Release|Any CPU
		{ABBB8E45-B1BE-4997-873E-4CC620B162F2}.Release|Mixed Platforms.Build.0 = Release|Any CPU
		{ABBB8E45-B1BE-4997-873E-4CC620B162F2}.Release|x86.ActiveCfg = Release|Any CPU
		{58A666EC-5E76-414A-BE73-D2572C14290B}.Debug|Any CPU.ActiveCfg = Debug|Any CPU
		{58A666EC-5E76-414A-BE73-D2572C14290B}.Debug|Any CPU.Build.0 = Debug|Any CPU
		{58A666EC-5E76-414A-BE73-D2572C14290B}.Debug|Mixed Platforms.ActiveCfg = Debug|Any CPU
		{58A666EC-5E76-414A-BE73-D2572C14290B}.Debug|Mixed Platforms.Build.0 = Debug|Any CPU
		{58A666EC-5E76-414A-BE73-D2572C14290B}.Debug|x86.ActiveCfg = Debug|Any CPU
		{58A666EC-5E76-414A-BE73-D2572C14290B}.Release|Any CPU.ActiveCfg = Release|Any CPU
		{58A666EC-5E76-414A-BE73-D2572C14290B}.Release|Any CPU.Build.0 = Release|Any CPU
		{58A666EC-5E76-414A-BE73-D2572C14290B}.Release|Mixed Platforms.ActiveCfg = Release|Any CPU
		{58A666EC-5E76-414A-BE73-D2572C14290B}.Release|Mixed Platforms.Build.0 = Release|Any CPU
		{58A666EC-5E76-414A-BE73-D2572C14290B}.Release|x86.ActiveCfg = Release|Any CPU
		{BD165665-5DAF-441B-97AB-F16EDB72689D}.Debug|Any CPU.ActiveCfg = Debug|Any CPU
		{BD165665-5DAF-441B-97AB-F16EDB72689D}.Debug|Any CPU.Build.0 = Debug|Any CPU
		{BD165665-5DAF-441B-97AB-F16EDB72689D}.Debug|Mixed Platforms.ActiveCfg = Debug|Any CPU
		{BD165665-5DAF-441B-97AB-F16EDB72689D}.Debug|Mixed Platforms.Build.0 = Debug|Any CPU
		{BD165665-5DAF-441B-97AB-F16EDB72689D}.Debug|x86.ActiveCfg = Debug|Any CPU
		{BD165665-5DAF-441B-97AB-F16EDB72689D}.Release|Any CPU.ActiveCfg = Release|Any CPU
		{BD165665-5DAF-441B-97AB-F16EDB72689D}.Release|Any CPU.Build.0 = Release|Any CPU
		{BD165665-5DAF-441B-97AB-F16EDB72689D}.Release|Mixed Platforms.ActiveCfg = Release|Any CPU
		{BD165665-5DAF-441B-97AB-F16EDB72689D}.Release|Mixed Platforms.Build.0 = Release|Any CPU
		{BD165665-5DAF-441B-97AB-F16EDB72689D}.Release|x86.ActiveCfg = Release|Any CPU
		{DEB2291E-C105-4957-BDF4-903EC3586B7C}.Debug|Any CPU.ActiveCfg = Debug|Any CPU
		{DEB2291E-C105-4957-BDF4-903EC3586B7C}.Debug|Any CPU.Build.0 = Debug|Any CPU
		{DEB2291E-C105-4957-BDF4-903EC3586B7C}.Debug|Mixed Platforms.ActiveCfg = Debug|Any CPU
		{DEB2291E-C105-4957-BDF4-903EC3586B7C}.Debug|Mixed Platforms.Build.0 = Debug|Any CPU
		{DEB2291E-C105-4957-BDF4-903EC3586B7C}.Debug|x86.ActiveCfg = Debug|Any CPU
		{DEB2291E-C105-4957-BDF4-903EC3586B7C}.Release|Any CPU.ActiveCfg = Release|Any CPU
		{DEB2291E-C105-4957-BDF4-903EC3586B7C}.Release|Any CPU.Build.0 = Release|Any CPU
		{DEB2291E-C105-4957-BDF4-903EC3586B7C}.Release|Mixed Platforms.ActiveCfg = Release|Any CPU
		{DEB2291E-C105-4957-BDF4-903EC3586B7C}.Release|Mixed Platforms.Build.0 = Release|Any CPU
		{DEB2291E-C105-4957-BDF4-903EC3586B7C}.Release|x86.ActiveCfg = Release|Any CPU
		{EEF2DA5F-E4C4-468F-81EC-5A2D9DB34FB9}.Debug|Any CPU.ActiveCfg = Debug|Any CPU
		{EEF2DA5F-E4C4-468F-81EC-5A2D9DB34FB9}.Debug|Any CPU.Build.0 = Debug|Any CPU
		{EEF2DA5F-E4C4-468F-81EC-5A2D9DB34FB9}.Debug|Mixed Platforms.ActiveCfg = Debug|Any CPU
		{EEF2DA5F-E4C4-468F-81EC-5A2D9DB34FB9}.Debug|Mixed Platforms.Build.0 = Debug|Any CPU
		{EEF2DA5F-E4C4-468F-81EC-5A2D9DB34FB9}.Debug|x86.ActiveCfg = Debug|Any CPU
		{EEF2DA5F-E4C4-468F-81EC-5A2D9DB34FB9}.Release|Any CPU.ActiveCfg = Release|Any CPU
		{EEF2DA5F-E4C4-468F-81EC-5A2D9DB34FB9}.Release|Any CPU.Build.0 = Release|Any CPU
		{EEF2DA5F-E4C4-468F-81EC-5A2D9DB34FB9}.Release|Mixed Platforms.ActiveCfg = Release|Any CPU
		{EEF2DA5F-E4C4-468F-81EC-5A2D9DB34FB9}.Release|Mixed Platforms.Build.0 = Release|Any CPU
		{EEF2DA5F-E4C4-468F-81EC-5A2D9DB34FB9}.Release|x86.ActiveCfg = Release|Any CPU
	EndGlobalSection
	GlobalSection(SolutionProperties) = preSolution
		HideSolutionNode = FALSE
	EndGlobalSection
	GlobalSection(NestedProjects) = preSolution
		{B9130087-BA9D-491F-B724-7EBA454534E4} = {4AE8E697-8877-47C2-A3CD-F5EAA6CBBF85}
		{4E17FEE5-B002-41CA-8675-38D8AA3BA5F6} = {4AE8E697-8877-47C2-A3CD-F5EAA6CBBF85}
		{C41F8A27-2018-43DD-9669-64E6FBA87CFA} = {4AE8E697-8877-47C2-A3CD-F5EAA6CBBF85}
		{5EB1F25E-16C9-4E3C-82AE-4080C37E6F21} = {4AE8E697-8877-47C2-A3CD-F5EAA6CBBF85}
		{58A666EC-5E76-414A-BE73-D2572C14290B} = {4AE8E697-8877-47C2-A3CD-F5EAA6CBBF85}
		{BD165665-5DAF-441B-97AB-F16EDB72689D} = {4AE8E697-8877-47C2-A3CD-F5EAA6CBBF85}
		{DEB2291E-C105-4957-BDF4-903EC3586B7C} = {4AE8E697-8877-47C2-A3CD-F5EAA6CBBF85}
		{EEF2DA5F-E4C4-468F-81EC-5A2D9DB34FB9} = {4AE8E697-8877-47C2-A3CD-F5EAA6CBBF85}
		{8DA6BDEE-6B0C-4C14-BC6E-D860839B251F} = {08523BBB-AE30-4FBB-A9DB-E8AAC478797C}
		{ABBB8E45-B1BE-4997-873E-4CC620B162F2} = {08523BBB-AE30-4FBB-A9DB-E8AAC478797C}
	EndGlobalSection
EndGlobal
